
Microsoft Visual Studio Solution File, Format Version 12.00
# Visual Studio Version 16
VisualStudioVersion = 16.0.29926.136
MinimumVisualStudioVersion = 10.0.40219.1
Project("{FAE04EC0-301F-11D3-BF4B-00C04F79EFBC}") = "AspApi", "AspApi\AspApi.csproj", "{7BF177BF-E580-4B07-BF73-8D4334F3B7BF}"
EndProject
Project("{FAE04EC0-301F-11D3-BF4B-00C04F79EFBC}") = "Api", "Api\Api.csproj", "{6D9C76A5-FE61-474B-BB89-8F1B3CC3C16E}"
EndProject
Global
	GlobalSection(SolutionConfigurationPlatforms) = preSolution
		Debug|Any CPU = Debug|Any CPU
		Release|Any CPU = Release|Any CPU
	EndGlobalSection
	GlobalSection(ProjectConfigurationPlatforms) = postSolution
		{7BF177BF-E580-4B07-BF73-8D4334F3B7BF}.Debug|Any CPU.ActiveCfg = Debug|Any CPU
		{7BF177BF-E580-4B07-BF73-8D4334F3B7BF}.Debug|Any CPU.Build.0 = Debug|Any CPU
		{7BF177BF-E580-4B07-BF73-8D4334F3B7BF}.Release|Any CPU.ActiveCfg = Release|Any CPU
		{7BF177BF-E580-4B07-BF73-8D4334F3B7BF}.Release|Any CPU.Build.0 = Release|Any CPU
		{6D9C76A5-FE61-474B-BB89-8F1B3CC3C16E}.Debug|Any CPU.ActiveCfg = Debug|Any CPU
		{6D9C76A5-FE61-474B-BB89-8F1B3CC3C16E}.Debug|Any CPU.Build.0 = Debug|Any CPU
		{6D9C76A5-FE61-474B-BB89-8F1B3CC3C16E}.Release|Any CPU.ActiveCfg = Release|Any CPU
		{6D9C76A5-FE61-474B-BB89-8F1B3CC3C16E}.Release|Any CPU.Build.0 = Release|Any CPU
	EndGlobalSection
	GlobalSection(SolutionProperties) = preSolution
		HideSolutionNode = FALSE
	EndGlobalSection
	GlobalSection(ExtensibilityGlobals) = postSolution
		SolutionGuid = {EE71929A-CFFA-4480-A1C6-2525B0C648EA}
	EndGlobalSection
EndGlobal
